
Microsoft Visual Studio Solution File, Format Version 12.00
# Visual Studio 2013
VisualStudioVersion = 12.0.30501.0
MinimumVisualStudioVersion = 10.0.40219.1
Project("{FAE04EC0-301F-11D3-BF4B-00C04F79EFBC}") = "TM.Services", "TM.Services\TM.Services.csproj", "{56AE0CAD-EE3D-4CC5-A69B-EF56391D1BC7}"
EndProject
Project("{00D1A9C2-B5F0-4AF3-8072-F6C62B433612}") = "TM.Database", "TM.Database\TM.Database.sqlproj", "{BACCA670-01D0-44B2-B339-C03879D71955}"
EndProject
Project("{FAE04EC0-301F-11D3-BF4B-00C04F79EFBC}") = "TM.DatabaseModel", "TM.DatabaseModel\TM.DatabaseModel.csproj", "{73829979-75D4-4DD6-B37C-DA0ED1AC0EEC}"
EndProject
Project("{FAE04EC0-301F-11D3-BF4B-00C04F79EFBC}") = "TM.Utils", "TM.Utils\TM.Utils.csproj", "{CC6F29A8-E24E-41AE-9CC6-AA69C2CE8B4D}"
EndProject
Project("{2150E333-8FDC-42A3-9474-1A3956D46DE8}") = "ApplicationConfiguration", "ApplicationConfiguration", "{92F71084-FF79-49C2-A790-282FE8155188}"
	ProjectSection(SolutionItems) = preProject
		Application.config = Application.config
		FxCop.targets = FxCop.targets
		FxCopConsoleOutput.xsl = FxCopConsoleOutput.xsl
		FxCopDictionary.xml = FxCopDictionary.xml
		Settings.FxCop = Settings.FxCop
		Settings.spruleset = Settings.spruleset
		Settings.StyleCop = Settings.StyleCop
		SharePointConfiguration.xml = SharePointConfiguration.xml
		SPDisposeChecker.targets = SPDisposeChecker.targets
		SPSF.targets = SPSF.targets
	EndProjectSection
EndProject
Project("{FAE04EC0-301F-11D3-BF4B-00C04F79EFBC}") = "Deployment", "Deployment\Deployment.csproj", "{64713D38-2CAF-45BB-A5D9-EA20A8B71BA7}"
	ProjectSection(ProjectDependencies) = postProject
		{6E8AC362-B961-45D9-9454-BFC13ABDCA74} = {6E8AC362-B961-45D9-9454-BFC13ABDCA74}
	EndProjectSection
EndProject
Project("{FAE04EC0-301F-11D3-BF4B-00C04F79EFBC}") = "TM.SP.BCSModels", "TM.SP.BCSModels\TM.SP.BCSModels.csproj", "{73514D73-ABD3-440E-8A49-93026866C619}"
EndProject
Project("{FAE04EC0-301F-11D3-BF4B-00C04F79EFBC}") = "TM.SP.DeveloperBCSModels", "TM.SP.DeveloperBCSModels\TM.SP.DeveloperBCSModels.csproj", "{F9732410-2D3D-4FA6-8A4C-A33C03C86955}"
EndProject
Project("{2150E333-8FDC-42A3-9474-1A3956D46DE8}") = "Solutions", "Solutions", "{85013FC3-59E2-4E8D-BF33-72DB07D46F1A}"
EndProject
Project("{FAE04EC0-301F-11D3-BF4B-00C04F79EFBC}") = "TM.SP.CustomActions", "TM.SP.CustomActions\TM.SP.CustomActions.csproj", "{6E8AC362-B961-45D9-9454-BFC13ABDCA74}"
EndProject
Global
	GlobalSection(SolutionConfigurationPlatforms) = preSolution
		Debug|Any CPU = Debug|Any CPU
		Release|Any CPU = Release|Any CPU
	EndGlobalSection
	GlobalSection(ProjectConfigurationPlatforms) = postSolution
		{56AE0CAD-EE3D-4CC5-A69B-EF56391D1BC7}.Debug|Any CPU.ActiveCfg = Debug|Any CPU
		{56AE0CAD-EE3D-4CC5-A69B-EF56391D1BC7}.Debug|Any CPU.Build.0 = Debug|Any CPU
		{56AE0CAD-EE3D-4CC5-A69B-EF56391D1BC7}.Release|Any CPU.ActiveCfg = Release|Any CPU
		{56AE0CAD-EE3D-4CC5-A69B-EF56391D1BC7}.Release|Any CPU.Build.0 = Release|Any CPU
		{BACCA670-01D0-44B2-B339-C03879D71955}.Debug|Any CPU.ActiveCfg = Debug|Any CPU
		{BACCA670-01D0-44B2-B339-C03879D71955}.Debug|Any CPU.Build.0 = Debug|Any CPU
		{BACCA670-01D0-44B2-B339-C03879D71955}.Debug|Any CPU.Deploy.0 = Debug|Any CPU
		{BACCA670-01D0-44B2-B339-C03879D71955}.Release|Any CPU.ActiveCfg = Release|Any CPU
		{BACCA670-01D0-44B2-B339-C03879D71955}.Release|Any CPU.Build.0 = Release|Any CPU
		{BACCA670-01D0-44B2-B339-C03879D71955}.Release|Any CPU.Deploy.0 = Release|Any CPU
		{73829979-75D4-4DD6-B37C-DA0ED1AC0EEC}.Debug|Any CPU.ActiveCfg = Debug|Any CPU
		{73829979-75D4-4DD6-B37C-DA0ED1AC0EEC}.Debug|Any CPU.Build.0 = Debug|Any CPU
		{73829979-75D4-4DD6-B37C-DA0ED1AC0EEC}.Release|Any CPU.ActiveCfg = Release|Any CPU
		{73829979-75D4-4DD6-B37C-DA0ED1AC0EEC}.Release|Any CPU.Build.0 = Release|Any CPU
		{CC6F29A8-E24E-41AE-9CC6-AA69C2CE8B4D}.Debug|Any CPU.ActiveCfg = Debug|Any CPU
		{CC6F29A8-E24E-41AE-9CC6-AA69C2CE8B4D}.Debug|Any CPU.Build.0 = Debug|Any CPU
		{CC6F29A8-E24E-41AE-9CC6-AA69C2CE8B4D}.Release|Any CPU.ActiveCfg = Release|Any CPU
		{CC6F29A8-E24E-41AE-9CC6-AA69C2CE8B4D}.Release|Any CPU.Build.0 = Release|Any CPU
		{64713D38-2CAF-45BB-A5D9-EA20A8B71BA7}.Debug|Any CPU.ActiveCfg = Debug|Any CPU
		{64713D38-2CAF-45BB-A5D9-EA20A8B71BA7}.Debug|Any CPU.Build.0 = Debug|Any CPU
		{64713D38-2CAF-45BB-A5D9-EA20A8B71BA7}.Release|Any CPU.ActiveCfg = Release|Any CPU
		{64713D38-2CAF-45BB-A5D9-EA20A8B71BA7}.Release|Any CPU.Build.0 = Release|Any CPU
		{73514D73-ABD3-440E-8A49-93026866C619}.Debug|Any CPU.ActiveCfg = Debug|Any CPU
		{73514D73-ABD3-440E-8A49-93026866C619}.Debug|Any CPU.Build.0 = Debug|Any CPU
		{73514D73-ABD3-440E-8A49-93026866C619}.Debug|Any CPU.Deploy.0 = Debug|Any CPU
		{73514D73-ABD3-440E-8A49-93026866C619}.Release|Any CPU.ActiveCfg = Release|Any CPU
		{73514D73-ABD3-440E-8A49-93026866C619}.Release|Any CPU.Build.0 = Release|Any CPU
		{73514D73-ABD3-440E-8A49-93026866C619}.Release|Any CPU.Deploy.0 = Release|Any CPU
		{F9732410-2D3D-4FA6-8A4C-A33C03C86955}.Debug|Any CPU.ActiveCfg = Debug|Any CPU
		{F9732410-2D3D-4FA6-8A4C-A33C03C86955}.Debug|Any CPU.Build.0 = Debug|Any CPU
		{F9732410-2D3D-4FA6-8A4C-A33C03C86955}.Debug|Any CPU.Deploy.0 = Debug|Any CPU
		{F9732410-2D3D-4FA6-8A4C-A33C03C86955}.Release|Any CPU.ActiveCfg = Release|Any CPU
		{F9732410-2D3D-4FA6-8A4C-A33C03C86955}.Release|Any CPU.Build.0 = Release|Any CPU
		{F9732410-2D3D-4FA6-8A4C-A33C03C86955}.Release|Any CPU.Deploy.0 = Release|Any CPU
		{6E8AC362-B961-45D9-9454-BFC13ABDCA74}.Debug|Any CPU.ActiveCfg = Debug|Any CPU
		{6E8AC362-B961-45D9-9454-BFC13ABDCA74}.Debug|Any CPU.Build.0 = Debug|Any CPU
		{6E8AC362-B961-45D9-9454-BFC13ABDCA74}.Debug|Any CPU.Deploy.0 = Debug|Any CPU
		{6E8AC362-B961-45D9-9454-BFC13ABDCA74}.Release|Any CPU.ActiveCfg = Release|Any CPU
		{6E8AC362-B961-45D9-9454-BFC13ABDCA74}.Release|Any CPU.Build.0 = Release|Any CPU
		{6E8AC362-B961-45D9-9454-BFC13ABDCA74}.Release|Any CPU.Deploy.0 = Release|Any CPU
	EndGlobalSection
	GlobalSection(SolutionProperties) = preSolution
		HideSolutionNode = FALSE
	EndGlobalSection
	GlobalSection(NestedProjects) = preSolution
		{73514D73-ABD3-440E-8A49-93026866C619} = {85013FC3-59E2-4E8D-BF33-72DB07D46F1A}
		{F9732410-2D3D-4FA6-8A4C-A33C03C86955} = {85013FC3-59E2-4E8D-BF33-72DB07D46F1A}
		{6E8AC362-B961-45D9-9454-BFC13ABDCA74} = {85013FC3-59E2-4E8D-BF33-72DB07D46F1A}
	EndGlobalSection
EndGlobal
