
Microsoft Visual Studio Solution File, Format Version 12.00
# Visual Studio 2013
VisualStudioVersion = 12.0.31101.0
MinimumVisualStudioVersion = 10.0.40219.1
Project("{FAE04EC0-301F-11D3-BF4B-00C04F79EFBC}") = "TM.Services", "TM.Services\TM.Services.csproj", "{56AE0CAD-EE3D-4CC5-A69B-EF56391D1BC7}"
EndProject
Project("{00D1A9C2-B5F0-4AF3-8072-F6C62B433612}") = "TM.Database", "TM.Database\TM.Database.sqlproj", "{BACCA670-01D0-44B2-B339-C03879D71955}"
EndProject
Project("{FAE04EC0-301F-11D3-BF4B-00C04F79EFBC}") = "TM.DatabaseModel", "TM.DatabaseModel\TM.DatabaseModel.csproj", "{73829979-75D4-4DD6-B37C-DA0ED1AC0EEC}"
EndProject
Project("{FAE04EC0-301F-11D3-BF4B-00C04F79EFBC}") = "TM.Utils", "TM.Utils\TM.Utils.csproj", "{CC6F29A8-E24E-41AE-9CC6-AA69C2CE8B4D}"
EndProject
Project("{2150E333-8FDC-42A3-9474-1A3956D46DE8}") = "ApplicationConfiguration", "ApplicationConfiguration", "{92F71084-FF79-49C2-A790-282FE8155188}"
	ProjectSection(SolutionItems) = preProject
		Application.config = Application.config
		FxCop.targets = FxCop.targets
		FxCopConsoleOutput.xsl = FxCopConsoleOutput.xsl
		FxCopDictionary.xml = FxCopDictionary.xml
		Settings.FxCop = Settings.FxCop
		Settings.spruleset = Settings.spruleset
		Settings.StyleCop = Settings.StyleCop
		SharePointConfiguration.xml = SharePointConfiguration.xml
		SPDisposeChecker.targets = SPDisposeChecker.targets
		SPSF.targets = SPSF.targets
	EndProjectSection
EndProject
Project("{FAE04EC0-301F-11D3-BF4B-00C04F79EFBC}") = "Deployment", "Deployment\Deployment.csproj", "{64713D38-2CAF-45BB-A5D9-EA20A8B71BA7}"
	ProjectSection(ProjectDependencies) = postProject
		{F9732410-2D3D-4FA6-8A4C-A33C03C86955} = {F9732410-2D3D-4FA6-8A4C-A33C03C86955}
		{972A6611-BB13-4E9E-9720-888AA90463A4} = {972A6611-BB13-4E9E-9720-888AA90463A4}
		{B16ECB22-2B4F-4338-81E0-F2C090B0798B} = {B16ECB22-2B4F-4338-81E0-F2C090B0798B}
		{FA892F5B-E245-4C57-BFB6-C0247CF82491} = {FA892F5B-E245-4C57-BFB6-C0247CF82491}
		{6E8AC362-B961-45D9-9454-BFC13ABDCA74} = {6E8AC362-B961-45D9-9454-BFC13ABDCA74}
		{73514D73-ABD3-440E-8A49-93026866C619} = {73514D73-ABD3-440E-8A49-93026866C619}
		{6F3CEB77-D4C6-4A87-8DFC-2D72B227A5D8} = {6F3CEB77-D4C6-4A87-8DFC-2D72B227A5D8}
		{16DBE984-D312-4192-A7F2-64B6D812E498} = {16DBE984-D312-4192-A7F2-64B6D812E498}
		{CD8191B0-D5A4-4AC3-AA3D-A8D4B99EC30D} = {CD8191B0-D5A4-4AC3-AA3D-A8D4B99EC30D}
		{DC1602DF-CABE-454C-A735-06767243C145} = {DC1602DF-CABE-454C-A735-06767243C145}
		{B2A464EC-6524-415E-A218-457D4AA37D83} = {B2A464EC-6524-415E-A218-457D4AA37D83}
	EndProjectSection
EndProject
Project("{FAE04EC0-301F-11D3-BF4B-00C04F79EFBC}") = "TM.SP.BCSModels", "TM.SP.BCSModels\TM.SP.BCSModels.csproj", "{73514D73-ABD3-440E-8A49-93026866C619}"
	ProjectSection(ProjectDependencies) = postProject
		{C7E55FAA-3035-49DE-86CC-20B7F5D89C33} = {C7E55FAA-3035-49DE-86CC-20B7F5D89C33}
	EndProjectSection
EndProject
Project("{FAE04EC0-301F-11D3-BF4B-00C04F79EFBC}") = "TM.SP.DeveloperBCSModels", "TM.SP.DeveloperBCSModels\TM.SP.DeveloperBCSModels.csproj", "{F9732410-2D3D-4FA6-8A4C-A33C03C86955}"
EndProject
Project("{2150E333-8FDC-42A3-9474-1A3956D46DE8}") = "Solutions", "Solutions", "{85013FC3-59E2-4E8D-BF33-72DB07D46F1A}"
EndProject
Project("{FAE04EC0-301F-11D3-BF4B-00C04F79EFBC}") = "TM.SP.CustomActions", "TM.SP.CustomActions\TM.SP.CustomActions.csproj", "{6E8AC362-B961-45D9-9454-BFC13ABDCA74}"
EndProject
Project("{FAE04EC0-301F-11D3-BF4B-00C04F79EFBC}") = "TM.SP.AppPages", "TM.SP.AppPages\TM.SP.AppPages.csproj", "{B2A464EC-6524-415E-A218-457D4AA37D83}"
EndProject
Project("{FAE04EC0-301F-11D3-BF4B-00C04F79EFBC}") = "TM.SP.Customizations", "TM.SP.Customizations\TM.SP.Customizations.csproj", "{CD8191B0-D5A4-4AC3-AA3D-A8D4B99EC30D}"
EndProject
Project("{2150E333-8FDC-42A3-9474-1A3956D46DE8}") = ".nuget", ".nuget", "{5BC266A2-66C4-4645-8E16-D251B68B02D0}"
	ProjectSection(SolutionItems) = preProject
		.nuget\NuGet.Config = .nuget\NuGet.Config
		.nuget\NuGet.exe = .nuget\NuGet.exe
		.nuget\NuGet.targets = .nuget\NuGet.targets
	EndProjectSection
EndProject
Project("{FAE04EC0-301F-11D3-BF4B-00C04F79EFBC}") = "TM.SP.DataMigrationTimerJob", "TM.SP.DataMigrationTimerJob\TM.SP.DataMigrationTimerJob.csproj", "{FA892F5B-E245-4C57-BFB6-C0247CF82491}"
EndProject
Project("{FAE04EC0-301F-11D3-BF4B-00C04F79EFBC}") = "TM.SP.DataModel", "TM.SP.DataModel\TM.SP.DataModel.csproj", "{F3AF0C59-F72C-4992-B2B3-93C71ADA489C}"
EndProject
Project("{FAE04EC0-301F-11D3-BF4B-00C04F79EFBC}") = "TM.SP.DataModelDeploy", "TM.SP.DataModelDeploy\TM.SP.DataModelDeploy.csproj", "{7A07ADF1-A662-4D2B-8F96-88A5CCC3204C}"
EndProject
Project("{FAE04EC0-301F-11D3-BF4B-00C04F79EFBC}") = "TM.SP.DataDeploy", "TM.SP.DataDeploy\TM.SP.DataDeploy.csproj", "{25D32265-8754-4C12-A858-CB6B31886825}"
EndProject
Project("{FAE04EC0-301F-11D3-BF4B-00C04F79EFBC}") = "TM.ServiceClients", "TM.ServiceClients\TM.ServiceClients.csproj", "{46D947B0-78CA-4A63-B74D-5A078360A665}"
EndProject
Project("{FAE04EC0-301F-11D3-BF4B-00C04F79EFBC}") = "TM.SP.AnswerProcessingTimerJob", "TM.SP.AnswerProcessingTimerJob\TM.SP.AnswerProcessingTimerJob.csproj", "{6F3CEB77-D4C6-4A87-8DFC-2D72B227A5D8}"
EndProject
Project("{FAE04EC0-301F-11D3-BF4B-00C04F79EFBC}") = "TestSPConsole", "TestSPConsole\TestSPConsole.csproj", "{1D573AEB-AA78-479B-A94B-DC91DD42160C}"
EndProject
Project("{FAE04EC0-301F-11D3-BF4B-00C04F79EFBC}") = "TM.SP.Search", "TM.SP.Search\TM.SP.Search.csproj", "{972A6611-BB13-4E9E-9720-888AA90463A4}"
EndProject
Project("{FAE04EC0-301F-11D3-BF4B-00C04F79EFBC}") = "TM.SP.SitePages", "TM.SP.SitePages\TM.SP.SitePages.csproj", "{16DBE984-D312-4192-A7F2-64B6D812E498}"
EndProject
Project("{FAE04EC0-301F-11D3-BF4B-00C04F79EFBC}") = "TM.ClientUtils", "TM.ClientUtils\TM.ClientUtils.csproj", "{C7E55FAA-3035-49DE-86CC-20B7F5D89C33}"
EndProject
Project("{FAE04EC0-301F-11D3-BF4B-00C04F79EFBC}") = "TM.SP.BdcColumnUpdateTimerJob", "TM.SP.BdcColumnUpdateTimerJob\TM.SP.BdcColumnUpdateTimerJob.csproj", "{DC1602DF-CABE-454C-A735-06767243C145}"
EndProject
Project("{FAE04EC0-301F-11D3-BF4B-00C04F79EFBC}") = "TP.SP.DataMigration", "TP.SP.DataMigration\TP.SP.DataMigration.csproj", "{484E3049-16B0-4D2D-9DCE-58159469427B}"
EndProject
Project("{2150E333-8FDC-42A3-9474-1A3956D46DE8}") = "Solution Items", "Solution Items", "{6A8A75C4-6A8E-4E17-9008-FB6F0FB45514}"
	ProjectSection(SolutionItems) = preProject
		WebEssentials-Settings.json = WebEssentials-Settings.json
	EndProjectSection
EndProject
Project("{FAE04EC0-301F-11D3-BF4B-00C04F79EFBC}") = "TM.SP.Ratings", "TM.SP.Ratings\TM.SP.Ratings.csproj", "{4604D411-C7DB-448C-8DF0-E858E60669BE}"
EndProject
Project("{FAE04EC0-301F-11D3-BF4B-00C04F79EFBC}") = "SP.PlumsailFormsBackup", "SP.PlumsailFormsBackup\SP.PlumsailFormsBackup.csproj", "{B16ECB22-2B4F-4338-81E0-F2C090B0798B}"
EndProject
Global
	GlobalSection(SolutionConfigurationPlatforms) = preSolution
		Debug|Any CPU = Debug|Any CPU
		Release|Any CPU = Release|Any CPU
	EndGlobalSection
	GlobalSection(ProjectConfigurationPlatforms) = postSolution
		{56AE0CAD-EE3D-4CC5-A69B-EF56391D1BC7}.Debug|Any CPU.ActiveCfg = Debug|Any CPU
		{56AE0CAD-EE3D-4CC5-A69B-EF56391D1BC7}.Debug|Any CPU.Build.0 = Debug|Any CPU
		{56AE0CAD-EE3D-4CC5-A69B-EF56391D1BC7}.Release|Any CPU.ActiveCfg = Release|Any CPU
		{56AE0CAD-EE3D-4CC5-A69B-EF56391D1BC7}.Release|Any CPU.Build.0 = Release|Any CPU
		{BACCA670-01D0-44B2-B339-C03879D71955}.Debug|Any CPU.ActiveCfg = Debug|Any CPU
		{BACCA670-01D0-44B2-B339-C03879D71955}.Debug|Any CPU.Build.0 = Debug|Any CPU
		{BACCA670-01D0-44B2-B339-C03879D71955}.Debug|Any CPU.Deploy.0 = Debug|Any CPU
		{BACCA670-01D0-44B2-B339-C03879D71955}.Release|Any CPU.ActiveCfg = Release|Any CPU
		{BACCA670-01D0-44B2-B339-C03879D71955}.Release|Any CPU.Build.0 = Release|Any CPU
		{BACCA670-01D0-44B2-B339-C03879D71955}.Release|Any CPU.Deploy.0 = Release|Any CPU
		{73829979-75D4-4DD6-B37C-DA0ED1AC0EEC}.Debug|Any CPU.ActiveCfg = Debug|Any CPU
		{73829979-75D4-4DD6-B37C-DA0ED1AC0EEC}.Debug|Any CPU.Build.0 = Debug|Any CPU
		{73829979-75D4-4DD6-B37C-DA0ED1AC0EEC}.Release|Any CPU.ActiveCfg = Release|Any CPU
		{73829979-75D4-4DD6-B37C-DA0ED1AC0EEC}.Release|Any CPU.Build.0 = Release|Any CPU
		{CC6F29A8-E24E-41AE-9CC6-AA69C2CE8B4D}.Debug|Any CPU.ActiveCfg = Debug|Any CPU
		{CC6F29A8-E24E-41AE-9CC6-AA69C2CE8B4D}.Debug|Any CPU.Build.0 = Debug|Any CPU
		{CC6F29A8-E24E-41AE-9CC6-AA69C2CE8B4D}.Release|Any CPU.ActiveCfg = Release|Any CPU
		{CC6F29A8-E24E-41AE-9CC6-AA69C2CE8B4D}.Release|Any CPU.Build.0 = Release|Any CPU
		{64713D38-2CAF-45BB-A5D9-EA20A8B71BA7}.Debug|Any CPU.ActiveCfg = Debug|Any CPU
		{64713D38-2CAF-45BB-A5D9-EA20A8B71BA7}.Debug|Any CPU.Build.0 = Debug|Any CPU
		{64713D38-2CAF-45BB-A5D9-EA20A8B71BA7}.Release|Any CPU.ActiveCfg = Release|Any CPU
		{64713D38-2CAF-45BB-A5D9-EA20A8B71BA7}.Release|Any CPU.Build.0 = Release|Any CPU
		{73514D73-ABD3-440E-8A49-93026866C619}.Debug|Any CPU.ActiveCfg = Debug|Any CPU
		{73514D73-ABD3-440E-8A49-93026866C619}.Debug|Any CPU.Build.0 = Debug|Any CPU
		{73514D73-ABD3-440E-8A49-93026866C619}.Debug|Any CPU.Deploy.0 = Debug|Any CPU
		{73514D73-ABD3-440E-8A49-93026866C619}.Release|Any CPU.ActiveCfg = Release|Any CPU
		{73514D73-ABD3-440E-8A49-93026866C619}.Release|Any CPU.Build.0 = Release|Any CPU
		{73514D73-ABD3-440E-8A49-93026866C619}.Release|Any CPU.Deploy.0 = Release|Any CPU
		{F9732410-2D3D-4FA6-8A4C-A33C03C86955}.Debug|Any CPU.ActiveCfg = Debug|Any CPU
		{F9732410-2D3D-4FA6-8A4C-A33C03C86955}.Debug|Any CPU.Build.0 = Debug|Any CPU
		{F9732410-2D3D-4FA6-8A4C-A33C03C86955}.Debug|Any CPU.Deploy.0 = Debug|Any CPU
		{F9732410-2D3D-4FA6-8A4C-A33C03C86955}.Release|Any CPU.ActiveCfg = Release|Any CPU
		{F9732410-2D3D-4FA6-8A4C-A33C03C86955}.Release|Any CPU.Build.0 = Release|Any CPU
		{F9732410-2D3D-4FA6-8A4C-A33C03C86955}.Release|Any CPU.Deploy.0 = Release|Any CPU
		{6E8AC362-B961-45D9-9454-BFC13ABDCA74}.Debug|Any CPU.ActiveCfg = Debug|Any CPU
		{6E8AC362-B961-45D9-9454-BFC13ABDCA74}.Debug|Any CPU.Build.0 = Debug|Any CPU
		{6E8AC362-B961-45D9-9454-BFC13ABDCA74}.Debug|Any CPU.Deploy.0 = Debug|Any CPU
		{6E8AC362-B961-45D9-9454-BFC13ABDCA74}.Release|Any CPU.ActiveCfg = Release|Any CPU
		{6E8AC362-B961-45D9-9454-BFC13ABDCA74}.Release|Any CPU.Build.0 = Release|Any CPU
		{6E8AC362-B961-45D9-9454-BFC13ABDCA74}.Release|Any CPU.Deploy.0 = Release|Any CPU
		{B2A464EC-6524-415E-A218-457D4AA37D83}.Debug|Any CPU.ActiveCfg = Debug|Any CPU
		{B2A464EC-6524-415E-A218-457D4AA37D83}.Debug|Any CPU.Build.0 = Debug|Any CPU
		{B2A464EC-6524-415E-A218-457D4AA37D83}.Debug|Any CPU.Deploy.0 = Debug|Any CPU
		{B2A464EC-6524-415E-A218-457D4AA37D83}.Release|Any CPU.ActiveCfg = Release|Any CPU
		{B2A464EC-6524-415E-A218-457D4AA37D83}.Release|Any CPU.Build.0 = Release|Any CPU
		{B2A464EC-6524-415E-A218-457D4AA37D83}.Release|Any CPU.Deploy.0 = Release|Any CPU
		{CD8191B0-D5A4-4AC3-AA3D-A8D4B99EC30D}.Debug|Any CPU.ActiveCfg = Debug|Any CPU
		{CD8191B0-D5A4-4AC3-AA3D-A8D4B99EC30D}.Debug|Any CPU.Build.0 = Debug|Any CPU
		{CD8191B0-D5A4-4AC3-AA3D-A8D4B99EC30D}.Debug|Any CPU.Deploy.0 = Debug|Any CPU
		{CD8191B0-D5A4-4AC3-AA3D-A8D4B99EC30D}.Release|Any CPU.ActiveCfg = Release|Any CPU
		{CD8191B0-D5A4-4AC3-AA3D-A8D4B99EC30D}.Release|Any CPU.Build.0 = Release|Any CPU
		{CD8191B0-D5A4-4AC3-AA3D-A8D4B99EC30D}.Release|Any CPU.Deploy.0 = Release|Any CPU
		{FA892F5B-E245-4C57-BFB6-C0247CF82491}.Debug|Any CPU.ActiveCfg = Debug|Any CPU
		{FA892F5B-E245-4C57-BFB6-C0247CF82491}.Debug|Any CPU.Build.0 = Debug|Any CPU
		{FA892F5B-E245-4C57-BFB6-C0247CF82491}.Debug|Any CPU.Deploy.0 = Debug|Any CPU
		{FA892F5B-E245-4C57-BFB6-C0247CF82491}.Release|Any CPU.ActiveCfg = Release|Any CPU
		{FA892F5B-E245-4C57-BFB6-C0247CF82491}.Release|Any CPU.Build.0 = Release|Any CPU
		{FA892F5B-E245-4C57-BFB6-C0247CF82491}.Release|Any CPU.Deploy.0 = Release|Any CPU
		{F3AF0C59-F72C-4992-B2B3-93C71ADA489C}.Debug|Any CPU.ActiveCfg = Debug|Any CPU
		{F3AF0C59-F72C-4992-B2B3-93C71ADA489C}.Debug|Any CPU.Build.0 = Debug|Any CPU
		{F3AF0C59-F72C-4992-B2B3-93C71ADA489C}.Release|Any CPU.ActiveCfg = Release|Any CPU
		{F3AF0C59-F72C-4992-B2B3-93C71ADA489C}.Release|Any CPU.Build.0 = Release|Any CPU
		{7A07ADF1-A662-4D2B-8F96-88A5CCC3204C}.Debug|Any CPU.ActiveCfg = Debug|Any CPU
		{7A07ADF1-A662-4D2B-8F96-88A5CCC3204C}.Debug|Any CPU.Build.0 = Debug|Any CPU
		{7A07ADF1-A662-4D2B-8F96-88A5CCC3204C}.Release|Any CPU.ActiveCfg = Release|Any CPU
		{7A07ADF1-A662-4D2B-8F96-88A5CCC3204C}.Release|Any CPU.Build.0 = Release|Any CPU
		{25D32265-8754-4C12-A858-CB6B31886825}.Debug|Any CPU.ActiveCfg = Debug|Any CPU
		{25D32265-8754-4C12-A858-CB6B31886825}.Debug|Any CPU.Build.0 = Debug|Any CPU
		{25D32265-8754-4C12-A858-CB6B31886825}.Release|Any CPU.ActiveCfg = Release|Any CPU
		{25D32265-8754-4C12-A858-CB6B31886825}.Release|Any CPU.Build.0 = Release|Any CPU
		{46D947B0-78CA-4A63-B74D-5A078360A665}.Debug|Any CPU.ActiveCfg = Debug|Any CPU
		{46D947B0-78CA-4A63-B74D-5A078360A665}.Debug|Any CPU.Build.0 = Debug|Any CPU
		{46D947B0-78CA-4A63-B74D-5A078360A665}.Release|Any CPU.ActiveCfg = Release|Any CPU
		{46D947B0-78CA-4A63-B74D-5A078360A665}.Release|Any CPU.Build.0 = Release|Any CPU
		{6F3CEB77-D4C6-4A87-8DFC-2D72B227A5D8}.Debug|Any CPU.ActiveCfg = Debug|Any CPU
		{6F3CEB77-D4C6-4A87-8DFC-2D72B227A5D8}.Debug|Any CPU.Build.0 = Debug|Any CPU
		{6F3CEB77-D4C6-4A87-8DFC-2D72B227A5D8}.Debug|Any CPU.Deploy.0 = Debug|Any CPU
		{6F3CEB77-D4C6-4A87-8DFC-2D72B227A5D8}.Release|Any CPU.ActiveCfg = Release|Any CPU
		{6F3CEB77-D4C6-4A87-8DFC-2D72B227A5D8}.Release|Any CPU.Build.0 = Release|Any CPU
		{6F3CEB77-D4C6-4A87-8DFC-2D72B227A5D8}.Release|Any CPU.Deploy.0 = Release|Any CPU
		{1D573AEB-AA78-479B-A94B-DC91DD42160C}.Debug|Any CPU.ActiveCfg = Debug|Any CPU
		{1D573AEB-AA78-479B-A94B-DC91DD42160C}.Debug|Any CPU.Build.0 = Debug|Any CPU
		{1D573AEB-AA78-479B-A94B-DC91DD42160C}.Release|Any CPU.ActiveCfg = Release|Any CPU
		{1D573AEB-AA78-479B-A94B-DC91DD42160C}.Release|Any CPU.Build.0 = Release|Any CPU
		{972A6611-BB13-4E9E-9720-888AA90463A4}.Debug|Any CPU.ActiveCfg = Debug|Any CPU
		{972A6611-BB13-4E9E-9720-888AA90463A4}.Debug|Any CPU.Build.0 = Debug|Any CPU
		{972A6611-BB13-4E9E-9720-888AA90463A4}.Debug|Any CPU.Deploy.0 = Debug|Any CPU
		{972A6611-BB13-4E9E-9720-888AA90463A4}.Release|Any CPU.ActiveCfg = Release|Any CPU
		{972A6611-BB13-4E9E-9720-888AA90463A4}.Release|Any CPU.Build.0 = Release|Any CPU
		{972A6611-BB13-4E9E-9720-888AA90463A4}.Release|Any CPU.Deploy.0 = Release|Any CPU
		{16DBE984-D312-4192-A7F2-64B6D812E498}.Debug|Any CPU.ActiveCfg = Debug|Any CPU
		{16DBE984-D312-4192-A7F2-64B6D812E498}.Debug|Any CPU.Build.0 = Debug|Any CPU
		{16DBE984-D312-4192-A7F2-64B6D812E498}.Debug|Any CPU.Deploy.0 = Debug|Any CPU
		{16DBE984-D312-4192-A7F2-64B6D812E498}.Release|Any CPU.ActiveCfg = Release|Any CPU
		{16DBE984-D312-4192-A7F2-64B6D812E498}.Release|Any CPU.Build.0 = Release|Any CPU
		{16DBE984-D312-4192-A7F2-64B6D812E498}.Release|Any CPU.Deploy.0 = Release|Any CPU
		{C7E55FAA-3035-49DE-86CC-20B7F5D89C33}.Debug|Any CPU.ActiveCfg = Debug|Any CPU
		{C7E55FAA-3035-49DE-86CC-20B7F5D89C33}.Debug|Any CPU.Build.0 = Debug|Any CPU
		{C7E55FAA-3035-49DE-86CC-20B7F5D89C33}.Release|Any CPU.ActiveCfg = Release|Any CPU
		{C7E55FAA-3035-49DE-86CC-20B7F5D89C33}.Release|Any CPU.Build.0 = Release|Any CPU
		{DC1602DF-CABE-454C-A735-06767243C145}.Debug|Any CPU.ActiveCfg = Debug|Any CPU
		{DC1602DF-CABE-454C-A735-06767243C145}.Debug|Any CPU.Build.0 = Debug|Any CPU
		{DC1602DF-CABE-454C-A735-06767243C145}.Debug|Any CPU.Deploy.0 = Debug|Any CPU
		{DC1602DF-CABE-454C-A735-06767243C145}.Release|Any CPU.ActiveCfg = Release|Any CPU
		{DC1602DF-CABE-454C-A735-06767243C145}.Release|Any CPU.Build.0 = Release|Any CPU
		{DC1602DF-CABE-454C-A735-06767243C145}.Release|Any CPU.Deploy.0 = Release|Any CPU
		{484E3049-16B0-4D2D-9DCE-58159469427B}.Debug|Any CPU.ActiveCfg = Debug|Any CPU
		{484E3049-16B0-4D2D-9DCE-58159469427B}.Debug|Any CPU.Build.0 = Debug|Any CPU
		{484E3049-16B0-4D2D-9DCE-58159469427B}.Release|Any CPU.ActiveCfg = Release|Any CPU
		{484E3049-16B0-4D2D-9DCE-58159469427B}.Release|Any CPU.Build.0 = Release|Any CPU
		{4604D411-C7DB-448C-8DF0-E858E60669BE}.Debug|Any CPU.ActiveCfg = Debug|Any CPU
		{4604D411-C7DB-448C-8DF0-E858E60669BE}.Debug|Any CPU.Build.0 = Debug|Any CPU
		{4604D411-C7DB-448C-8DF0-E858E60669BE}.Debug|Any CPU.Deploy.0 = Debug|Any CPU
		{4604D411-C7DB-448C-8DF0-E858E60669BE}.Release|Any CPU.ActiveCfg = Release|Any CPU
		{4604D411-C7DB-448C-8DF0-E858E60669BE}.Release|Any CPU.Build.0 = Release|Any CPU
		{4604D411-C7DB-448C-8DF0-E858E60669BE}.Release|Any CPU.Deploy.0 = Release|Any CPU
		{B16ECB22-2B4F-4338-81E0-F2C090B0798B}.Debug|Any CPU.ActiveCfg = Debug|Any CPU
		{B16ECB22-2B4F-4338-81E0-F2C090B0798B}.Debug|Any CPU.Build.0 = Debug|Any CPU
		{B16ECB22-2B4F-4338-81E0-F2C090B0798B}.Debug|Any CPU.Deploy.0 = Debug|Any CPU
		{B16ECB22-2B4F-4338-81E0-F2C090B0798B}.Release|Any CPU.ActiveCfg = Release|Any CPU
		{B16ECB22-2B4F-4338-81E0-F2C090B0798B}.Release|Any CPU.Build.0 = Release|Any CPU
		{B16ECB22-2B4F-4338-81E0-F2C090B0798B}.Release|Any CPU.Deploy.0 = Release|Any CPU
	EndGlobalSection
	GlobalSection(SolutionProperties) = preSolution
		HideSolutionNode = FALSE
	EndGlobalSection
	GlobalSection(NestedProjects) = preSolution
		{73514D73-ABD3-440E-8A49-93026866C619} = {85013FC3-59E2-4E8D-BF33-72DB07D46F1A}
		{F9732410-2D3D-4FA6-8A4C-A33C03C86955} = {85013FC3-59E2-4E8D-BF33-72DB07D46F1A}
		{6E8AC362-B961-45D9-9454-BFC13ABDCA74} = {85013FC3-59E2-4E8D-BF33-72DB07D46F1A}
		{B2A464EC-6524-415E-A218-457D4AA37D83} = {85013FC3-59E2-4E8D-BF33-72DB07D46F1A}
		{CD8191B0-D5A4-4AC3-AA3D-A8D4B99EC30D} = {85013FC3-59E2-4E8D-BF33-72DB07D46F1A}
		{FA892F5B-E245-4C57-BFB6-C0247CF82491} = {85013FC3-59E2-4E8D-BF33-72DB07D46F1A}
		{6F3CEB77-D4C6-4A87-8DFC-2D72B227A5D8} = {85013FC3-59E2-4E8D-BF33-72DB07D46F1A}
		{972A6611-BB13-4E9E-9720-888AA90463A4} = {85013FC3-59E2-4E8D-BF33-72DB07D46F1A}
		{16DBE984-D312-4192-A7F2-64B6D812E498} = {85013FC3-59E2-4E8D-BF33-72DB07D46F1A}
		{DC1602DF-CABE-454C-A735-06767243C145} = {85013FC3-59E2-4E8D-BF33-72DB07D46F1A}
		{4604D411-C7DB-448C-8DF0-E858E60669BE} = {85013FC3-59E2-4E8D-BF33-72DB07D46F1A}
		{B16ECB22-2B4F-4338-81E0-F2C090B0798B} = {85013FC3-59E2-4E8D-BF33-72DB07D46F1A}
	EndGlobalSection
EndGlobal
